
Microsoft Visual Studio Solution File, Format Version 12.00
# Visual Studio Version 16
VisualStudioVersion = 25.0.1705.4
MinimumVisualStudioVersion = 10.0.40219.1
Project("{FAE04EC0-301F-11D3-BF4B-00C04F79EFBC}") = "ElectraProjDB", "ElectraProjDB\ElectraProjDB.csproj", "{C60D3845-FEDA-4FBF-B664-B6C208E52746}"
EndProject
Global
	GlobalSection(SolutionConfigurationPlatforms) = preSolution
		Debug|Any CPU = Debug|Any CPU
		Release|Any CPU = Release|Any CPU
	EndGlobalSection
	GlobalSection(ProjectConfigurationPlatforms) = postSolution
		{C60D3845-FEDA-4FBF-B664-B6C208E52746}.Debug|Any CPU.ActiveCfg = Debug|Any CPU
		{C60D3845-FEDA-4FBF-B664-B6C208E52746}.Debug|Any CPU.Build.0 = Debug|Any CPU
		{C60D3845-FEDA-4FBF-B664-B6C208E52746}.Release|Any CPU.ActiveCfg = Release|Any CPU
		{C60D3845-FEDA-4FBF-B664-B6C208E52746}.Release|Any CPU.Build.0 = Release|Any CPU
	EndGlobalSection
	GlobalSection(SolutionProperties) = preSolution
		HideSolutionNode = FALSE
	EndGlobalSection
	GlobalSection(ExtensibilityGlobals) = postSolution
		SolutionGuid = {FE02378E-C883-4BF8-B259-8D3E00F8DFC3}
	EndGlobalSection
EndGlobal
